// !$*UTF8*$!
{
	archiveVersion = 1;
	classes = {
	};
	objectVersion = 46;
	objects = {

/* Begin PBXBuildFile section */
		D86822281CCB371F00038CF2 /* Constant.swift in Sources */ = {isa = PBXBuildFile; fileRef = D86822271CCB371F00038CF2 /* Constant.swift */; };
		D89326271CC9CDB900E4FE41 /* AppDelegate.swift in Sources */ = {isa = PBXBuildFile; fileRef = D89326261CC9CDB900E4FE41 /* AppDelegate.swift */; };
		D89326291CC9CDB900E4FE41 /* ViewController.swift in Sources */ = {isa = PBXBuildFile; fileRef = D89326281CC9CDB900E4FE41 /* ViewController.swift */; };
		D893262C1CC9CDB900E4FE41 /* Main.storyboard in Resources */ = {isa = PBXBuildFile; fileRef = D893262A1CC9CDB900E4FE41 /* Main.storyboard */; };
		D893262E1CC9CDB900E4FE41 /* Assets.xcassets in Resources */ = {isa = PBXBuildFile; fileRef = D893262D1CC9CDB900E4FE41 /* Assets.xcassets */; };
		D89326311CC9CDB900E4FE41 /* LaunchScreen.storyboard in Resources */ = {isa = PBXBuildFile; fileRef = D893262F1CC9CDB900E4FE41 /* LaunchScreen.storyboard */; };
/* End PBXBuildFile section */

/* Begin PBXFileReference section */
		D86822271CCB371F00038CF2 /* Constant.swift */ = {isa = PBXFileReference; fileEncoding = 4; lastKnownFileType = sourcecode.swift; path = Constant.swift; sourceTree = "<group>"; };
		D89326231CC9CDB900E4FE41 /* ibeacondemo.app */ = {isa = PBXFileReference; explicitFileType = wrapper.application; includeInIndex = 0; path = ibeacondemo.app; sourceTree = BUILT_PRODUCTS_DIR; };
		D89326261CC9CDB900E4FE41 /* AppDelegate.swift */ = {isa = PBXFileReference; lastKnownFileType = sourcecode.swift; path = AppDelegate.swift; sourceTree = "<group>"; };
		D89326281CC9CDB900E4FE41 /* ViewController.swift */ = {isa = PBXFileReference; lastKnownFileType = sourcecode.swift; path = ViewController.swift; sourceTree = "<group>"; };
		D893262B1CC9CDB900E4FE41 /* Base */ = {isa = PBXFileReference; lastKnownFileType = file.storyboard; name = Base; path = Base.lproj/Main.storyboard; sourceTree = "<group>"; };
		D893262D1CC9CDB900E4FE41 /* Assets.xcassets */ = {isa = PBXFileReference; lastKnownFileType = folder.assetcatalog; path = Assets.xcassets; sourceTree = "<group>"; };
		D89326301CC9CDB900E4FE41 /* Base */ = {isa = PBXFileReference; lastKnownFileType = file.storyboard; name = Base; path = Base.lproj/LaunchScreen.storyboard; sourceTree = "<group>"; };
		D89326321CC9CDB900E4FE41 /* Info.plist */ = {isa = PBXFileReference; lastKnownFileType = text.plist.xml; path = Info.plist; sourceTree = "<group>"; };
/* End PBXFileReference section */

/* Begin PBXFrameworksBuildPhase section */
		D89326201CC9CDB900E4FE41 /* Frameworks */ = {
			isa = PBXFrameworksBuildPhase;
			buildActionMask = 2147483647;
			files = (
			);
			runOnlyForDeploymentPostprocessing = 0;
		};
/* End PBXFrameworksBuildPhase section */

/* Begin PBXGroup section */
		D893261A1CC9CDB900E4FE41 = {
			isa = PBXGroup;
			children = (
				D89326251CC9CDB900E4FE41 /* ibeacondemo */,
				D89326241CC9CDB900E4FE41 /* Products */,
			);
			sourceTree = "<group>";
		};
		D89326241CC9CDB900E4FE41 /* Products */ = {
			isa = PBXGroup;
			children = (
				D89326231CC9CDB900E4FE41 /* ibeacondemo.app */,
			);
			name = Products;
			sourceTree = "<group>";
		};
		D89326251CC9CDB900E4FE41 /* ibeacondemo */ = {
			isa = PBXGroup;
			children = (
				D89326261CC9CDB900E4FE41 /* AppDelegate.swift */,
				D89326281CC9CDB900E4FE41 /* ViewController.swift */,
				D86822271CCB371F00038CF2 /* Constant.swift */,
				D893262A1CC9CDB900E4FE41 /* Main.storyboard */,
				D893262D1CC9CDB900E4FE41 /* Assets.xcassets */,
				D893262F1CC9CDB900E4FE41 /* LaunchScreen.storyboard */,
				D89326321CC9CDB900E4FE41 /* Info.plist */,
			);
			path = ibeacondemo;
			sourceTree = "<group>";
		};
/* End PBXGroup section */

/* Begin PBXNativeTarget section */
		D89326221CC9CDB900E4FE41 /* ibeacondemo */ = {
			isa = PBXNativeTarget;
			buildConfigurationList = D89326351CC9CDB900E4FE41 /* Build configuration list for PBXNativeTarget "ibeacondemo" */;
			buildPhases = (
				D893261F1CC9CDB900E4FE41 /* Sources */,
				D89326201CC9CDB900E4FE41 /* Frameworks */,
				D89326211CC9CDB900E4FE41 /* Resources */,
			);
			buildRules = (
			);
			dependencies = (
			);
			name = ibeacondemo;
			productName = ibeacondemo;
			productReference = D89326231CC9CDB900E4FE41 /* ibeacondemo.app */;
			productType = "com.apple.product-type.application";
		};
/* End PBXNativeTarget section */

/* Begin PBXProject section */
		D893261B1CC9CDB900E4FE41 /* Project object */ = {
			isa = PBXProject;
			attributes = {
				LastSwiftUpdateCheck = 0730;
				LastUpgradeCheck = 0730;
				ORGANIZATIONNAME = codefrd;
				TargetAttributes = {
					D89326221CC9CDB900E4FE41 = {
						CreatedOnToolsVersion = 7.3;
					};
				};
			};
			buildConfigurationList = D893261E1CC9CDB900E4FE41 /* Build configuration list for PBXProject "ibeacondemo" */;
			compatibilityVersion = "Xcode 3.2";
			developmentRegion = English;
			hasScannedForEncodings = 0;
			knownRegions = (
				en,
				Base,
			);
			mainGroup = D893261A1CC9CDB900E4FE41;
			productRefGroup = D89326241CC9CDB900E4FE41 /* Products */;
			projectDirPath = "";
			projectRoot = "";
			targets = (
				D89326221CC9CDB900E4FE41 /* ibeacondemo */,
			);
		};
/* End PBXProject section */

/* Begin PBXResourcesBuildPhase section */
		D89326211CC9CDB900E4FE41 /* Resources */ = {
			isa = PBXResourcesBuildPhase;
			buildActionMask = 2147483647;
			files = (
				D89326311CC9CDB900E4FE41 /* LaunchScreen.storyboard in Resources */,
				D893262E1CC9CDB900E4FE41 /* Assets.xcassets in Resources */,
				D893262C1CC9CDB900E4FE41 /* Main.storyboard in Resources */,
			);
			runOnlyForDeploymentPostprocessing = 0;
		};
/* End PBXResourcesBuildPhase section */

/* Begin PBXSourcesBuildPhase section */
		D893261F1CC9CDB900E4FE41 /* Sources */ = {
			isa = PBXSourcesBuildPhase;
			buildActionMask = 2147483647;
			files = (
				D89326291CC9CDB900E4FE41 /* ViewController.swift in Sources */,
				D89326271CC9CDB900E4FE41 /* AppDelegate.swift in Sources */,
				D86822281CCB371F00038CF2 /* Constant.swift in Sources */,
			);
			runOnlyForDeploymentPostprocessing = 0;
		};
/* End PBXSourcesBuildPhase section */

/* Begin PBXVariantGroup section */
		D893262A1CC9CDB900E4FE41 /* Main.storyboard */ = {
			isa = PBXVariantGroup;
			children = (
				D893262B1CC9CDB900E4FE41 /* Base */,
			);
			name = Main.storyboard;
			sourceTree = "<group>";
		};
		D893262F1CC9CDB900E4FE41 /* LaunchScreen.storyboard */ = {
			isa = PBXVariantGroup;
			children = (
				D89326301CC9CDB900E4FE41 /* Base */,
			);
			name = LaunchScreen.storyboard;
			sourceTree = "<group>";
		};
/* End PBXVariantGroup section */

/* Begin XCBuildConfiguration section */
		D89326331CC9CDB900E4FE41 /* Debug */ = {
			isa = XCBuildConfiguration;
			buildSettings = {
				ALWAYS_SEARCH_USER_PATHS = NO;
				CLANG_ANALYZER_NONNULL = YES;
				CLANG_CXX_LANGUAGE_STANDARD = "gnu++0x";
				CLANG_CXX_LIBRARY = "libc++";
				CLANG_ENABLE_MODULES = YES;
				CLANG_ENABLE_OBJC_ARC = YES;
				CLANG_WARN_BOOL_CONVERSION = YES;
				CLANG_WARN_CONSTANT_CONVERSION = YES;
				CLANG_WARN_DIRECT_OBJC_ISA_USAGE = YES_ERROR;
				CLANG_WARN_EMPTY_BODY = YES;
				CLANG_WARN_ENUM_CONVERSION = YES;
				CLANG_WARN_INT_CONVERSION = YES;
				CLANG_WARN_OBJC_ROOT_CLASS = YES_ERROR;
				CLANG_WARN_UNREACHABLE_CODE = YES;
				CLANG_WARN__DUPLICATE_METHOD_MATCH = YES;
				"CODE_SIGN_IDENTITY[sdk=iphoneos*]" = "iPhone Developer";
				COPY_PHASE_STRIP = NO;
				DEBUG_INFORMATION_FORMAT = dwarf;
				ENABLE_STRICT_OBJC_MSGSEND = YES;
				ENABLE_TESTABILITY = YES;
				GCC_C_LANGUAGE_STANDARD = gnu99;
				GCC_DYNAMIC_NO_PIC = NO;
				GCC_NO_COMMON_BLOCKS = YES;
				GCC_OPTIMIZATION_LEVEL = 0;
				GCC_PREPROCESSOR_DEFINITIONS = (
					"DEBUG=1",
					"$(inherited)",
				);
				GCC_WARN_64_TO_32_BIT_CONVERSION = YES;
				GCC_WARN_ABOUT_RETURN_TYPE = YES_ERROR;
				GCC_WARN_UNDECLARED_SELECTOR = YES;
				GCC_WARN_UNINITIALIZED_AUTOS = YES_AGGRESSIVE;
				GCC_WARN_UNUSED_FUNCTION = YES;
				GCC_WARN_UNUSED_VARIABLE = YES;
				IPHONEOS_DEPLOYMENT_TARGET = 9.3;
				MTL_ENABLE_DEBUG_INFO = YES;
				ONLY_ACTIVE_ARCH = YES;
				SDKROOT = iphoneos;
				SWIFT_OPTIMIZATION_LEVEL = "-Onone";
				TARGETED_DEVICE_FAMILY = "1,2";
			};
			name = Debug;
		};
		D89326341CC9CDB900E4FE41 /* Release */ = {
			isa = XCBuildConfiguration;
			buildSettings = {
				ALWAYS_SEARCH_USER_PATHS = NO;
				CLANG_ANALYZER_NONNULL = YES;
				CLANG_CXX_LANGUAGE_STANDARD = "gnu++0x";
				CLANG_CXX_LIBRARY = "libc++";
				CLANG_ENABLE_MODULES = YES;
				CLANG_ENABLE_OBJC_ARC = YES;
				CLANG_WARN_BOOL_CONVERSION = YES;
				CLANG_WARN_CONSTANT_CONVERSION = YES;
				CLANG_WARN_DIRECT_OBJC_ISA_USAGE = YES_ERROR;
				CLANG_WARN_EMPTY_BODY = YES;
				CLANG_WARN_ENUM_CONVERSION = YES;
				CLANG_WARN_INT_CONVERSION = YES;
				CLANG_WARN_OBJC_ROOT_CLASS = YES_ERROR;
				CLANG_WARN_UNREACHABLE_CODE = YES;
				CLANG_WARN__DUPLICATE_METHOD_MATCH = YES;
				"CODE_SIGN_IDENTITY[sdk=iphoneos*]" = "iPhone Developer";
				COPY_PHASE_STRIP = NO;
				DEBUG_INFORMATION_FORMAT = "dwarf-with-dsym";
				ENABLE_NS_ASSERTIONS = NO;
				ENABLE_STRICT_OBJC_MSGSEND = YES;
				GCC_C_LANGUAGE_STANDARD = gnu99;
				GCC_NO_COMMON_BLOCKS = YES;
				GCC_WARN_64_TO_32_BIT_CONVERSION = YES;
				GCC_WARN_ABOUT_RETURN_TYPE = YES_ERROR;
				GCC_WARN_UNDECLARED_SELECTOR = YES;
				GCC_WARN_UNINITIALIZED_AUTOS = YES_AGGRESSIVE;
				GCC_WARN_UNUSED_FUNCTION = YES;
				GCC_WARN_UNUSED_VARIABLE = YES;
				IPHONEOS_DEPLOYMENT_TARGET = 9.3;
				MTL_ENABLE_DEBUG_INFO = NO;
				SDKROOT = iphoneos;
				TARGETED_DEVICE_FAMILY = "1,2";
				VALIDATE_PRODUCT = YES;
			};
			name = Release;
		};
		D89326361CC9CDB900E4FE41 /* Debug */ = {
			isa = XCBuildConfiguration;
			buildSettings = {
				ASSETCATALOG_COMPILER_APPICON_NAME = AppIcon;
				INFOPLIST_FILE = ibeacondemo/Info.plist;
				IPHONEOS_DEPLOYMENT_TARGET = 8.0;
				LD_RUNPATH_SEARCH_PATHS = "$(inherited) @executable_path/Frameworks";
				PRODUCT_BUNDLE_IDENTIFIER = com.codefrd.ibeacondemo;
				PRODUCT_NAME = "$(TARGET_NAME)";
			};
			name = Debug;
		};
		D89326371CC9CDB900E4FE41 /* Release */ = {
			isa = XCBuildConfiguration;
			buildSettings = {
				ASSETCATALOG_COMPILER_APPICON_NAME = AppIcon;
				INFOPLIST_FILE = ibeacondemo/Info.plist;
				IPHONEOS_DEPLOYMENT_TARGET = 8.0;
				LD_RUNPATH_SEARCH_PATHS = "$(inherited) @executable_path/Frameworks";
				PRODUCT_BUNDLE_IDENTIFIER = com.codefrd.ibeacondemo;
				PRODUCT_NAME = "$(TARGET_NAME)";
			};
			name = Release;
		};
/* End XCBuildConfiguration section */

/* Begin XCConfigurationList section */
		D893261E1CC9CDB900E4FE41 /* Build configuration list for PBXProject "ibeacondemo" */ = {
			isa = XCConfigurationList;
			buildConfigurations = (
				D89326331CC9CDB900E4FE41 /* Debug */,
				D89326341CC9CDB900E4FE41 /* Release */,
			);
			defaultConfigurationIsVisible = 0;
			defaultConfigurationName = Release;
		};
		D89326351CC9CDB900E4FE41 /* Build configuration list for PBXNativeTarget "ibeacondemo" */ = {
			isa = XCConfigurationList;
			buildConfigurations = (
				D89326361CC9CDB900E4FE41 /* Debug */,
				D89326371CC9CDB900E4FE41 /* Release */,
			);
			defaultConfigurationIsVisible = 0;
			defaultConfigurationName = Release;
		};
/* End XCConfigurationList section */
	};
	rootObject = D893261B1CC9CDB900E4FE41 /* Project object */;
}
